
Microsoft Visual Studio Solution File, Format Version 12.00
# Visual Studio Version 17
VisualStudioVersion = 17.7.34031.279
MinimumVisualStudioVersion = 10.0.40219.1
Project("{9A19103F-16F7-4668-BE54-9A1E7A4F7556}") = "HalloDoc", "HalloDoc\HalloDoc.csproj", "{14936209-BF73-4ADD-8A8A-658B6D209A1A}"
EndProject
Project("{FAE04EC0-301F-11D3-BF4B-00C04F79EFBC}") = "Business_Logic", "Business_Logic\Business_Logic.csproj", "{C8C8212E-1486-4707-B5EA-E1DDAF65AC9A}"
EndProject
Project("{FAE04EC0-301F-11D3-BF4B-00C04F79EFBC}") = "Data_Layer", "Data_Layer\Data_Layer.csproj", "{9BBB5A7D-8D4E-448E-A80F-D19DA3745938}"
EndProject
Global
	GlobalSection(SolutionConfigurationPlatforms) = preSolution
		Debug|Any CPU = Debug|Any CPU
		Release|Any CPU = Release|Any CPU
	EndGlobalSection
	GlobalSection(ProjectConfigurationPlatforms) = postSolution
		{14936209-BF73-4ADD-8A8A-658B6D209A1A}.Debug|Any CPU.ActiveCfg = Debug|Any CPU
		{14936209-BF73-4ADD-8A8A-658B6D209A1A}.Debug|Any CPU.Build.0 = Debug|Any CPU
		{14936209-BF73-4ADD-8A8A-658B6D209A1A}.Release|Any CPU.ActiveCfg = Release|Any CPU
		{14936209-BF73-4ADD-8A8A-658B6D209A1A}.Release|Any CPU.Build.0 = Release|Any CPU
		{C8C8212E-1486-4707-B5EA-E1DDAF65AC9A}.Debug|Any CPU.ActiveCfg = Debug|Any CPU
		{C8C8212E-1486-4707-B5EA-E1DDAF65AC9A}.Debug|Any CPU.Build.0 = Debug|Any CPU
		{C8C8212E-1486-4707-B5EA-E1DDAF65AC9A}.Release|Any CPU.ActiveCfg = Release|Any CPU
		{C8C8212E-1486-4707-B5EA-E1DDAF65AC9A}.Release|Any CPU.Build.0 = Release|Any CPU
		{9BBB5A7D-8D4E-448E-A80F-D19DA3745938}.Debug|Any CPU.ActiveCfg = Debug|Any CPU
		{9BBB5A7D-8D4E-448E-A80F-D19DA3745938}.Debug|Any CPU.Build.0 = Debug|Any CPU
		{9BBB5A7D-8D4E-448E-A80F-D19DA3745938}.Release|Any CPU.ActiveCfg = Release|Any CPU
		{9BBB5A7D-8D4E-448E-A80F-D19DA3745938}.Release|Any CPU.Build.0 = Release|Any CPU
	EndGlobalSection
	GlobalSection(SolutionProperties) = preSolution
		HideSolutionNode = FALSE
	EndGlobalSection
	GlobalSection(ExtensibilityGlobals) = postSolution
		SolutionGuid = {4282EB4B-7B6A-4D21-A0FF-42FC2F696437}
	EndGlobalSection
EndGlobal
